4.1.11 77364b77342fccbc1b249350338213e9c5cebae7
4.2.0 1e6866236d0ce6e8b50b7c72f617bd45e02532d6
4.2.1 3e199f241a6c7e740dcb82a12966b04179e4c1ba
4.2.2 eb602b9b531d58908e91a3e44a5004c935cc9a46
4.2.3 10165977f6c9864360d71e0c2462841db68cc7e3
4.2.4 422f214283ba50649acca4d9b5a9778d313fe05b
4.2.5 953953eac707495ffb77a7e65703ebe4380c4c52
4.2.6 74d30f16adb6debe1fa131bf20f1eaad16936af0
4.3.0 0ee68146a7cfbabdb1aa20355cb1479fe7277bd0
4.3.1 6e0f5413d922f4c1d24bf236f98c9ead3ab0a447
4.3.2 348983420414e1532b6d9681b1af1e076782407e
4.3.3 8644c72ac916d708b5f8b0e4dd248ddd3c55dd00
4.3.4 0b9fe9a89783f42d9c3bea1cf9ebf1f4ddf70621
4.3.5 3af2ea52c2ede2e56743a09423285fbe505874bb
5.0.0 027b29cb6edead1c0128a95fe202a997dbfea388
5.0.1 bae0fdd9498c844f27d1aac6a072360f785c8e14
5.0.2 802067d1df610705d15a092a46624adce94ce98e
5.0.3 8e267bb3b0ba3b3ffec963416b0e67a210338e6c
5.1.0 cafcda102287a836dde5342a53ddf755487b1ccb
5.1.1 015570ca75e4c7891f02708b1ec29da8887578ef
5.1.2 42b1f8eacbb09887dd24565c353e44d6f6335b7b
5.1.3 d9f61602d002d6eeb94d2f299ad83260bd21db7d
5.2.0 9bfeb95e3969f978686d57d7301174f29394088f
5.2.1 0129ab140d63b096f15b3f46e420109f54fbdddb
5.2.2 a26aa2dd3ed4b4bb5572d4582bb75aaa6bc2a737
5.2.3 f23308444a94b96cf943fedc669bf2b7bc505a16
5.3.0 bab9a0560d15e7e1621469cf8db3e70bc29833b6
5.3.1 190c775a08ca092ac0145ce3483a421bfdc940c6
5.3.2 77b60a03b2785fa8ce461069f2ba2f241c2a1557
5.3.3 e7a95f830abc358fcdf6d24fcf11e346e0b77e99
5.3.4 3e3d8a179f270a01705491851ad1f4a5da642090
5.3.5 7ed99770687c689734e8c8db6ed5f5c30b1f5fdb
5.3.6 a4845db319b9b3b73b50d632b80bd593b04a4d5f
5.3.7 01040796ee93d342622b258c2668ad7ba9e989bb
5.3.8 db04b2e55e366fc60c0f0ff8e0caac991b2a6536
5.4.0 8bd17b0c9a8529c0e0b1bcad57130759ebcaa004
5.4.1 06b559ecef8aa81e9658e76bf3d5ad0c173087d5
5.5.0 c1fefb6afbb157ded38fd8414ef818420360df79
5.5.1 5cda6c0bf03f8414656d4b87f22636b19a5aa567
5.5.2 0ae5b83e476ed6345c536a438ce5d61e60a11f45
5.5.3 2a0fb9f449bc045295ece44ac5f0b9a9ad20c830
5.5.4 637d6ebfd616b517876dfe681676f564a4d68154
5.5.5 815350a5cafcb734c6485084fd9424b79a2ae839
5.5.6 baa7bfd5e460c8401385e098649eee07db7a6614
5.5.7 b0b1442a037be7bc6b07c11920dbf25207a9136e
5.5.8 d0a620a574a113098e925701246e7081f5bdba48
5.5.9 630c5042410996d3ec05ddf2906f1f5d2d424626
5.5.10 2290f0641c91317c4fd05f35d2c0cfc25fba2181
5.6.0 4f32d56f21774b8fb5e4a31e35cacd8f4eed096d
5.6.1 cecaea8d6d058683d54b56d8f3a2b4622a5f1f2f
5.6.2 1e62e654e2bd511b27ff519ca833f651479f6ee3
5.6.3 53e879b972f972134991df9b1cb11ffd1cb7536d
5.6.4 05e32256af62bf145fe6f5ab64d644882da79196
5.6.5 c7d156aef7b184860c79791f06e570b118d74993
5.6.6 a1ef9eec2e3b2497fc28dee443cd5147f42b3784
5.6.7 d3235a0be00b9a80077b862f96ee40f787980d46
5.6.8 71234c62edd20b3b28806a4f4d48095821f409cb
5.7.0 e4b801fc51cf8483dd1584a4e5fb11e95bf8a62f
5.7.1 037b215b44f7733fd7c876ffeabbc881831552c9
5.7.2 cb8104d107000ae3b78ae3ca9de5fd045f35f84d
5.7.3 c11dd77c44fffbfea652e346cee2acadd12efb16
5.7.4 50fbee2b2f1eda89145869d7d5fa67f27c084b73
5.8.0 8c42c47627768792004c26de2a9ff85c35b3f294
5.8.1 dc15c69848eb1aad7069716223310579bbb5e0a3
5.8.2 ec90166c6e9ef30e80a9911560dbdb5158e09ce4
5.9.0 f9ab3ebd65e0de24ab63b60e9271e282f6ac1a8d
5.9.1 76dd8004e9fbcab331f5e6d4d75cd866f7988c43
5.9.2 72c548c19ef17fa531b60f23dcbeeff96b8c29c4
5.9.3 716dc0b7369e7de672e3b03adaaeed0f744c5a72
5.9.4 af941f602b43a97d3adf19b2fcca1d6d9a24e198
5.10.0 80c5566d4059a60d2f4f0036d300d0e5f27b11c5
5.10.1 2c53638bb0a57e2209645e6723726abd07d611d7
5.10.2 4363f8b2b0dd3c70b65460124a2719621c0765c7
5.11.0 5a189e8a1775dcdef9756b9f70b50fdeefed3969
5.11.1 8e821007dadf6dd5639155472ac9e667878d97b6
5.11.2 d5ba3f19fbb25f8588612e420d27a2930e1096a5
5.11.3 997d4ae922e79a6828257bd22b2279a76503b1d2
5.11.4 640e377c9054f48eb409dfb97efe13d5b5eb705b
5.11.5 6cbf660afa13cac8cdffd98cb5782c7bef468e69
5.12.0 1e7fe1fec1f99b729963c5fa4cf58d1bac0e0961
5.12.1 6b37b82f9798c5db21dbe83ea7bef1e91aa8acff
5.12.2 c1af14340657daa39aa177e301bbde01aafa62fd
5.12.3 57caf13d652f9e1fa392d0cc53aca254fc0903b2
5.12.4 0de75e5b7ee2b14e11eb3abadab308b046959935
5.12.5 2f8212b1227e30a3acc88f982ccdbee84a63856e
5.13.0 2f4a906b785346d5ff4d2db0a442d91d90276b8a
5.13.1 ac1502765780fae9182ec58defdedf2787ecdb1d
5.13.2 feac27c3d1a65ba0f368f7de736d7f2a9aac1b93
5.13.3 df4703a5746339458b40bebb53af40d08fc2923b
5.13.4 be5e51b03f84498070191cdf7e7fe9d11bd5c163
5.13.5 898dd91ed0d62f89c22cee6b4dbc328cc9d8f030
5.13.6 0103337c513dc6168a165466a92eff96ab46b6b8
5.13.7 23703bb590c376b6011b0aadff49b7d7b4414146
5.13.8 60d089e439279cd3c7705187ae6092b998a3fe71
5.13.9 227e44a649d7c19a4b25f071da7fffb1f67e3385
5.14.0 04016b8a176408915076c8ee54e5d0a26cfce746
5.14.1 9706252fcc46fef7c15522f07e4e61ee58ca6d6d
5.15.0 dd69ba99bc723636d6dac9e4288be2146ea1eb7c
5.15.1 3bdc117b311b787b85e2ab6af1b3d63fcef00e49
5.15.2 7baf5e25f9ea9adc3a685f6512a516b25e61dfeb
5.15.3 8b0afd14be34d96e822a6915a8de477e049ca776
6.0.0 80517840f4ae64469721598e8373d81f2e4493dd
6.0.1 8c33f61c75af723f55c2c235d6807686579fe157
6.0.2 f8616fe557a4dc08ce2cf983026398df387e4f6a
6.1.0 9ed51e71e9637090b5ecb73b3b0ebe9f64463d09
6.1.1 c27160989c4c1b399a4a974dbacd7a04283b762f
6.1.2 af736d4c38789f6c6f4b2236b9ac2a03c186703d
6.1.3 396526a908f8f1b9cb826a9187a2c9150f44d94d
